
Microsoft Visual Studio Solution File, Format Version 12.00
# Visual Studio Version 17
VisualStudioVersion = 17.14.36915.13 d17.14
MinimumVisualStudioVersion = 10.0.40219.1
Project("{FAE04EC0-301F-11D3-BF4B-00C04F79EFBC}") = "Record-Store-Project", "Record-Store-Project\Record-Store-Project.csproj", "{C38C7656-D73E-414D-86A4-8B5E0AA42078}"
EndProject
Global
	GlobalSection(SolutionConfigurationPlatforms) = preSolution
		Debug|Any CPU = Debug|Any CPU
		Release|Any CPU = Release|Any CPU
	EndGlobalSection
	GlobalSection(ProjectConfigurationPlatforms) = postSolution
		{C38C7656-D73E-414D-86A4-8B5E0AA42078}.Debug|Any CPU.ActiveCfg = Debug|Any CPU
		{C38C7656-D73E-414D-86A4-8B5E0AA42078}.Debug|Any CPU.Build.0 = Debug|Any CPU
		{C38C7656-D73E-414D-86A4-8B5E0AA42078}.Release|Any CPU.ActiveCfg = Release|Any CPU
		{C38C7656-D73E-414D-86A4-8B5E0AA42078}.Release|Any CPU.Build.0 = Release|Any CPU
	EndGlobalSection
	GlobalSection(SolutionProperties) = preSolution
		HideSolutionNode = FALSE
	EndGlobalSection
	GlobalSection(ExtensibilityGlobals) = postSolution
		SolutionGuid = {3810254B-E6A4-40A1-AE4B-E3A48B361948}
	EndGlobalSection
EndGlobal
